
Microsoft Visual Studio Solution File, Format Version 12.00
# Visual Studio Version 16
VisualStudioVersion = 16.0.31702.278
MinimumVisualStudioVersion = 10.0.40219.1
Project("{FAE04EC0-301F-11D3-BF4B-00C04F79EFBC}") = "fileManager", "fileManager.csproj", "{B1948AA3-4D55-4314-84F8-F52B196F0D94}"
EndProject
Global
	GlobalSection(SolutionConfigurationPlatforms) = preSolution
		Debug|Any CPU = Debug|Any CPU
		Release|Any CPU = Release|Any CPU
	EndGlobalSection
	GlobalSection(ProjectConfigurationPlatforms) = postSolution
		{B1948AA3-4D55-4314-84F8-F52B196F0D94}.Debug|Any CPU.ActiveCfg = Debug|Any CPU
		{B1948AA3-4D55-4314-84F8-F52B196F0D94}.Debug|Any CPU.Build.0 = Debug|Any CPU
		{B1948AA3-4D55-4314-84F8-F52B196F0D94}.Release|Any CPU.ActiveCfg = Release|Any CPU
		{B1948AA3-4D55-4314-84F8-F52B196F0D94}.Release|Any CPU.Build.0 = Release|Any CPU
	EndGlobalSection
	GlobalSection(SolutionProperties) = preSolution
		HideSolutionNode = FALSE
	EndGlobalSection
	GlobalSection(ExtensibilityGlobals) = postSolution
		SolutionGuid = {D7CC5400-4A79-4CA6-8A01-BE5EF510648A}
	EndGlobalSection
EndGlobal
